# THIS IS AN AUTOGENERATED FILE. DO NOT EDIT THIS FILE DIRECTLY.
# yarn lockfile v1


electron-react-devtools@^0.5.3:
  version "0.5.3"
  resolved "https://registry.yarnpkg.com/electron-react-devtools/-/electron-react-devtools-0.5.3.tgz#c74edb1245dc1cfe1380b93016cd4eb588ed00b7"
  integrity sha1-x07bEkXcHP4TgLkwFs1OtYjtALc=
